
Microsoft Visual Studio Solution File, Format Version 12.00
# Visual Studio 15
VisualStudioVersion = 15.0.27130.2010
MinimumVisualStudioVersion = 10.0.40219.1
Project("{FAE04EC0-301F-11D3-BF4B-00C04F79EFBC}") = "GF.BackTesting", "GF.BackTesting\GF.BackTesting.csproj", "{EE1D7227-F367-41B8-83F5-06A483F4A064}"
EndProject
Project("{FAE04EC0-301F-11D3-BF4B-00C04F79EFBC}") = "GF.BackTesting.Facts", "GF.BackTesting.Facts\GF.BackTesting.Facts.csproj", "{76F583F1-281A-416D-80F7-30EBE34DED53}"
EndProject
Global
	GlobalSection(SolutionConfigurationPlatforms) = preSolution
		Debug|Any CPU = Debug|Any CPU
		Release|Any CPU = Release|Any CPU
	EndGlobalSection
	GlobalSection(ProjectConfigurationPlatforms) = postSolution
		{EE1D7227-F367-41B8-83F5-06A483F4A064}.Debug|Any CPU.ActiveCfg = Debug|Any CPU
		{EE1D7227-F367-41B8-83F5-06A483F4A064}.Debug|Any CPU.Build.0 = Debug|Any CPU
		{EE1D7227-F367-41B8-83F5-06A483F4A064}.Release|Any CPU.ActiveCfg = Release|Any CPU
		{EE1D7227-F367-41B8-83F5-06A483F4A064}.Release|Any CPU.Build.0 = Release|Any CPU
		{76F583F1-281A-416D-80F7-30EBE34DED53}.Debug|Any CPU.ActiveCfg = Debug|Any CPU
		{76F583F1-281A-416D-80F7-30EBE34DED53}.Debug|Any CPU.Build.0 = Debug|Any CPU
		{76F583F1-281A-416D-80F7-30EBE34DED53}.Release|Any CPU.ActiveCfg = Release|Any CPU
		{76F583F1-281A-416D-80F7-30EBE34DED53}.Release|Any CPU.Build.0 = Release|Any CPU
	EndGlobalSection
	GlobalSection(SolutionProperties) = preSolution
		HideSolutionNode = FALSE
	EndGlobalSection
	GlobalSection(ExtensibilityGlobals) = postSolution
		SolutionGuid = {9A55E065-CFA7-48A2-BA2F-28340FA477A7}
	EndGlobalSection
EndGlobal
